// !$*UTF8*$!
{
	archiveVersion = 1;
	classes = {
	};
	objectVersion = 56;
	objects = {

/* Begin PBXBuildFile section */
		A513E0FC2B5A3FF500D50986 /* KakaoSDK in Frameworks */ = {isa = PBXBuildFile; productRef = A513E0FB2B5A3FF500D50986 /* KakaoSDK */; };
		A513E0FE2B5A3FF500D50986 /* KakaoSDKAuth in Frameworks */ = {isa = PBXBuildFile; productRef = A513E0FD2B5A3FF500D50986 /* KakaoSDKAuth */; };
		A513E1002B5A3FF500D50986 /* KakaoSDKCert in Frameworks */ = {isa = PBXBuildFile; productRef = A513E0FF2B5A3FF500D50986 /* KakaoSDKCert */; };
		A513E1022B5A3FF500D50986 /* KakaoSDKCertCore in Frameworks */ = {isa = PBXBuildFile; productRef = A513E1012B5A3FF500D50986 /* KakaoSDKCertCore */; };
		A513E1042B5A3FF500D50986 /* KakaoSDKCommon in Frameworks */ = {isa = PBXBuildFile; productRef = A513E1032B5A3FF500D50986 /* KakaoSDKCommon */; };
		A513E1062B5A3FF500D50986 /* KakaoSDKFriend in Frameworks */ = {isa = PBXBuildFile; productRef = A513E1052B5A3FF500D50986 /* KakaoSDKFriend */; };
		A513E1082B5A3FF500D50986 /* KakaoSDKFriendCore in Frameworks */ = {isa = PBXBuildFile; productRef = A513E1072B5A3FF500D50986 /* KakaoSDKFriendCore */; };
		A513E10A2B5A3FF500D50986 /* KakaoSDKNavi in Frameworks */ = {isa = PBXBuildFile; productRef = A513E1092B5A3FF500D50986 /* KakaoSDKNavi */; };
		A55106832B5FCCBC004E8D1D /* GoogleSignIn in Frameworks */ = {isa = PBXBuildFile; productRef = A55106822B5FCCBC004E8D1D /* GoogleSignIn */; };
		A55106852B5FCCBC004E8D1D /* GoogleSignInSwift in Frameworks */ = {isa = PBXBuildFile; productRef = A55106842B5FCCBC004E8D1D /* GoogleSignInSwift */; };
		A55106872B6C0E1A004E8D1D /* PrivacyView.swift in Sources */ = {isa = PBXBuildFile; fileRef = A55106862B6C0E1A004E8D1D /* PrivacyView.swift */; };
		A55106892B6C0E30004E8D1D /* ProfileEditView.swift in Sources */ = {isa = PBXBuildFile; fileRef = A55106882B6C0E30004E8D1D /* ProfileEditView.swift */; };
		A59EE2B52B470C57009915D5 /* LoginView.swift in Sources */ = {isa = PBXBuildFile; fileRef = A59EE2B42B470C57009915D5 /* LoginView.swift */; };
		A59EE2BB2B47F80A009915D5 /* LoginPathModel.swift in Sources */ = {isa = PBXBuildFile; fileRef = A59EE2BA2B47F80A009915D5 /* LoginPathModel.swift */; };
		A59EE2BD2B47F91B009915D5 /* LoginModel.swift in Sources */ = {isa = PBXBuildFile; fileRef = A59EE2BC2B47F91B009915D5 /* LoginModel.swift */; };
		A5CE892A2B5980CE00ED8F62 /* NewUserView.swift in Sources */ = {isa = PBXBuildFile; fileRef = A5CE89292B5980CE00ED8F62 /* NewUserView.swift */; };
		A5CE892C2B59AA0900ED8F62 /* ArchiveDetailView.swift in Sources */ = {isa = PBXBuildFile; fileRef = A5CE892B2B59AA0900ED8F62 /* ArchiveDetailView.swift */; };
		A5CFD2782B6CDB2200F7DA48 /* NewArchiveView.swift in Sources */ = {isa = PBXBuildFile; fileRef = A5CFD2772B6CDB2200F7DA48 /* NewArchiveView.swift */; };
		A5F03F862B50FB5700242929 /* ArchiveModel.swift in Sources */ = {isa = PBXBuildFile; fileRef = A5F03F852B50FB5700242929 /* ArchiveModel.swift */; };
		AA05EAF32B3B87A0005596C5 /* MYPLACE_iOSApp.swift in Sources */ = {isa = PBXBuildFile; fileRef = AA05EAF22B3B87A0005596C5 /* MYPLACE_iOSApp.swift */; };
		AA05EAF52B3B87A0005596C5 /* ContentView.swift in Sources */ = {isa = PBXBuildFile; fileRef = AA05EAF42B3B87A0005596C5 /* ContentView.swift */; };
		AA05EAF72B3B87A1005596C5 /* Assets.xcassets in Resources */ = {isa = PBXBuildFile; fileRef = AA05EAF62B3B87A1005596C5 /* Assets.xcassets */; };
		AA05EAFA2B3B87A1005596C5 /* Preview Assets.xcassets in Resources */ = {isa = PBXBuildFile; fileRef = AA05EAF92B3B87A1005596C5 /* Preview Assets.xcassets */; };
		AA05EB012B3B918E005596C5 /* HomeView.swift in Sources */ = {isa = PBXBuildFile; fileRef = AA05EB002B3B918E005596C5 /* HomeView.swift */; };
		AA05EB042B3B9403005596C5 /* KakaoMapsSDK_SPM in Frameworks */ = {isa = PBXBuildFile; productRef = AA05EB032B3B9403005596C5 /* KakaoMapsSDK_SPM */; };
		AA2B64492B3CC713008CEDBB /* ArchiveView.swift in Sources */ = {isa = PBXBuildFile; fileRef = AA2B64482B3CC713008CEDBB /* ArchiveView.swift */; };
		AA2B644B2B3CC83C008CEDBB /* PathModel.swift in Sources */ = {isa = PBXBuildFile; fileRef = AA2B644A2B3CC83C008CEDBB /* PathModel.swift */; };
		AA2B644D2B3CCA03008CEDBB /* FavoritePlacesView.swift in Sources */ = {isa = PBXBuildFile; fileRef = AA2B644C2B3CCA03008CEDBB /* FavoritePlacesView.swift */; };
		AA2B644F2B3CCA21008CEDBB /* CommunityView.swift in Sources */ = {isa = PBXBuildFile; fileRef = AA2B644E2B3CCA21008CEDBB /* CommunityView.swift */; };
		AA2B64522B3D0289008CEDBB /* SettingView.swift in Sources */ = {isa = PBXBuildFile; fileRef = AA2B64512B3D0289008CEDBB /* SettingView.swift */; };
		AA2B64542B3D02A4008CEDBB /* NotificationView.swift in Sources */ = {isa = PBXBuildFile; fileRef = AA2B64532B3D02A4008CEDBB /* NotificationView.swift */; };
		AA2B64562B3D0E7E008CEDBB /* KakaoMapView.swift in Sources */ = {isa = PBXBuildFile; fileRef = AA2B64552B3D0E7E008CEDBB /* KakaoMapView.swift */; };
		AA9E801A2B415F7C00D51447 /* ToastViewModel.swift in Sources */ = {isa = PBXBuildFile; fileRef = AA9E80192B415F7C00D51447 /* ToastViewModel.swift */; };
		AA9E801C2B41641D00D51447 /* ToastView.swift in Sources */ = {isa = PBXBuildFile; fileRef = AA9E801B2B41641C00D51447 /* ToastView.swift */; };
		AA9E801E2B4711B300D51447 /* ViewComponents.swift in Sources */ = {isa = PBXBuildFile; fileRef = AA9E801D2B4711B300D51447 /* ViewComponents.swift */; };
		AA9E80202B479E6600D51447 /* PlaceInformationView.swift in Sources */ = {isa = PBXBuildFile; fileRef = AA9E801F2B479E6600D51447 /* PlaceInformationView.swift */; };
		AAA411B42B74E60100507E2F /* FavoritePlaceViewModel.swift in Sources */ = {isa = PBXBuildFile; fileRef = AAA411B32B74E60100507E2F /* FavoritePlaceViewModel.swift */; };
		AAA411B62B75CAE800507E2F /* MyPlaceInformationViewModel.swift in Sources */ = {isa = PBXBuildFile; fileRef = AAA411B52B75CAE800507E2F /* MyPlaceInformationViewModel.swift */; };
		AAAAC9B62B56AA590026C8D9 /* KakaoAPI.swift in Sources */ = {isa = PBXBuildFile; fileRef = AAAAC9B52B56AA590026C8D9 /* KakaoAPI.swift */; };
		AAAAC9B92B56AA910026C8D9 /* CombineMoya in Frameworks */ = {isa = PBXBuildFile; productRef = AAAAC9B82B56AA910026C8D9 /* CombineMoya */; };
		AAAAC9BB2B56AA910026C8D9 /* Moya in Frameworks */ = {isa = PBXBuildFile; productRef = AAAAC9BA2B56AA910026C8D9 /* Moya */; };
		AAAAC9BD2B56AA910026C8D9 /* ReactiveMoya in Frameworks */ = {isa = PBXBuildFile; productRef = AAAAC9BC2B56AA910026C8D9 /* ReactiveMoya */; };
		AAAAC9BF2B56AA910026C8D9 /* RxMoya in Frameworks */ = {isa = PBXBuildFile; productRef = AAAAC9BE2B56AA910026C8D9 /* RxMoya */; };
		AAAAC9C12B56BC180026C8D9 /* KakaoSearchViewModel.swift in Sources */ = {isa = PBXBuildFile; fileRef = AAAAC9C02B56BC180026C8D9 /* KakaoSearchViewModel.swift */; };
		AAAAC9C32B56BF220026C8D9 /* Response.swift in Sources */ = {isa = PBXBuildFile; fileRef = AAAAC9C22B56BF220026C8D9 /* Response.swift */; };
		AAAAC9C82B597DB70026C8D9 /* PopupView.swift in Sources */ = {isa = PBXBuildFile; fileRef = AAAAC9C72B597DB70026C8D9 /* PopupView.swift */; };
		AAAAC9CA2B59858D0026C8D9 /* PopupViewModel.swift in Sources */ = {isa = PBXBuildFile; fileRef = AAAAC9C92B59858D0026C8D9 /* PopupViewModel.swift */; };
		AAB755E22B62970C007B00A1 /* PopupModel.swift in Sources */ = {isa = PBXBuildFile; fileRef = AAB755E12B62970C007B00A1 /* PopupModel.swift */; };
		AABAC2902B6B3729001B1533 /* MyPlaceAPI.swift in Sources */ = {isa = PBXBuildFile; fileRef = AABAC28F2B6B3729001B1533 /* MyPlaceAPI.swift */; };
		AABAC2922B6B3E96001B1533 /* MyPlaceInformationEditViewModel.swift in Sources */ = {isa = PBXBuildFile; fileRef = AABAC2912B6B3E96001B1533 /* MyPlaceInformationEditViewModel.swift */; };
		AABAC2942B6C6AFD001B1533 /* MyPlaceManager.swift in Sources */ = {isa = PBXBuildFile; fileRef = AABAC2932B6C6AFD001B1533 /* MyPlaceManager.swift */; };
		AABAC2962B6C6E10001B1533 /* KakaoSearchManager.swift in Sources */ = {isa = PBXBuildFile; fileRef = AABAC2952B6C6E10001B1533 /* KakaoSearchManager.swift */; };
		AAE7CD1D2B3E3A9300E02B71 /* ToolBarView.swift in Sources */ = {isa = PBXBuildFile; fileRef = AAE7CD1C2B3E3A9300E02B71 /* ToolBarView.swift */; };
		AAE7CD1F2B3F9C0C00E02B71 /* SearchView.swift in Sources */ = {isa = PBXBuildFile; fileRef = AAE7CD1E2B3F9C0C00E02B71 /* SearchView.swift */; };
		AAE7CD212B3FB09F00E02B71 /* PlaceModel.swift in Sources */ = {isa = PBXBuildFile; fileRef = AAE7CD202B3FB09F00E02B71 /* PlaceModel.swift */; };
		AAE7CD232B3FCF6400E02B71 /* PlaceInformationEditView.swift in Sources */ = {isa = PBXBuildFile; fileRef = AAE7CD222B3FCF6400E02B71 /* PlaceInformationEditView.swift */; };
/* End PBXBuildFile section */

/* Begin PBXFileReference section */
		A55106862B6C0E1A004E8D1D /* PrivacyView.swift */ = {isa = PBXFileReference; lastKnownFileType = sourcecode.swift; path = PrivacyView.swift; sourceTree = "<group>"; };
		A55106882B6C0E30004E8D1D /* ProfileEditView.swift */ = {isa = PBXFileReference; lastKnownFileType = sourcecode.swift; path = ProfileEditView.swift; sourceTree = "<group>"; };
		A59EE2B42B470C57009915D5 /* LoginView.swift */ = {isa = PBXFileReference; lastKnownFileType = sourcecode.swift; path = LoginView.swift; sourceTree = "<group>"; };
		A59EE2BA2B47F80A009915D5 /* LoginPathModel.swift */ = {isa = PBXFileReference; lastKnownFileType = sourcecode.swift; path = LoginPathModel.swift; sourceTree = "<group>"; };
		A59EE2BC2B47F91B009915D5 /* LoginModel.swift */ = {isa = PBXFileReference; lastKnownFileType = sourcecode.swift; path = LoginModel.swift; sourceTree = "<group>"; };
		A5CE89292B5980CE00ED8F62 /* NewUserView.swift */ = {isa = PBXFileReference; lastKnownFileType = sourcecode.swift; path = NewUserView.swift; sourceTree = "<group>"; };
		A5CE892B2B59AA0900ED8F62 /* ArchiveDetailView.swift */ = {isa = PBXFileReference; lastKnownFileType = sourcecode.swift; path = ArchiveDetailView.swift; sourceTree = "<group>"; };
		A5CFD2772B6CDB2200F7DA48 /* NewArchiveView.swift */ = {isa = PBXFileReference; lastKnownFileType = sourcecode.swift; path = NewArchiveView.swift; sourceTree = "<group>"; };
		A5F03F852B50FB5700242929 /* ArchiveModel.swift */ = {isa = PBXFileReference; lastKnownFileType = sourcecode.swift; path = ArchiveModel.swift; sourceTree = "<group>"; };
		AA05EAEF2B3B87A0005596C5 /* MYPLACE-iOS.app */ = {isa = PBXFileReference; explicitFileType = wrapper.application; includeInIndex = 0; path = "MYPLACE-iOS.app"; sourceTree = BUILT_PRODUCTS_DIR; };
		AA05EAF22B3B87A0005596C5 /* MYPLACE_iOSApp.swift */ = {isa = PBXFileReference; lastKnownFileType = sourcecode.swift; path = MYPLACE_iOSApp.swift; sourceTree = "<group>"; };
		AA05EAF42B3B87A0005596C5 /* ContentView.swift */ = {isa = PBXFileReference; lastKnownFileType = sourcecode.swift; path = ContentView.swift; sourceTree = "<group>"; };
		AA05EAF62B3B87A1005596C5 /* Assets.xcassets */ = {isa = PBXFileReference; lastKnownFileType = folder.assetcatalog; path = Assets.xcassets; sourceTree = "<group>"; };
		AA05EAF92B3B87A1005596C5 /* Preview Assets.xcassets */ = {isa = PBXFileReference; lastKnownFileType = folder.assetcatalog; path = "Preview Assets.xcassets"; sourceTree = "<group>"; };
		AA05EB002B3B918E005596C5 /* HomeView.swift */ = {isa = PBXFileReference; lastKnownFileType = sourcecode.swift; path = HomeView.swift; sourceTree = "<group>"; };
		AA2B64482B3CC713008CEDBB /* ArchiveView.swift */ = {isa = PBXFileReference; lastKnownFileType = sourcecode.swift; path = ArchiveView.swift; sourceTree = "<group>"; };
		AA2B644A2B3CC83C008CEDBB /* PathModel.swift */ = {isa = PBXFileReference; lastKnownFileType = sourcecode.swift; path = PathModel.swift; sourceTree = "<group>"; };
		AA2B644C2B3CCA03008CEDBB /* FavoritePlacesView.swift */ = {isa = PBXFileReference; lastKnownFileType = sourcecode.swift; path = FavoritePlacesView.swift; sourceTree = "<group>"; };
		AA2B644E2B3CCA21008CEDBB /* CommunityView.swift */ = {isa = PBXFileReference; lastKnownFileType = sourcecode.swift; path = CommunityView.swift; sourceTree = "<group>"; };
		AA2B64502B3CFEA9008CEDBB /* Info.plist */ = {isa = PBXFileReference; lastKnownFileType = text.plist; path = Info.plist; sourceTree = "<group>"; };
		AA2B64512B3D0289008CEDBB /* SettingView.swift */ = {isa = PBXFileReference; lastKnownFileType = sourcecode.swift; path = SettingView.swift; sourceTree = "<group>"; };
		AA2B64532B3D02A4008CEDBB /* NotificationView.swift */ = {isa = PBXFileReference; lastKnownFileType = sourcecode.swift; path = NotificationView.swift; sourceTree = "<group>"; };
		AA2B64552B3D0E7E008CEDBB /* KakaoMapView.swift */ = {isa = PBXFileReference; lastKnownFileType = sourcecode.swift; path = KakaoMapView.swift; sourceTree = "<group>"; };
		AA9E80192B415F7C00D51447 /* ToastViewModel.swift */ = {isa = PBXFileReference; lastKnownFileType = sourcecode.swift; path = ToastViewModel.swift; sourceTree = "<group>"; };
		AA9E801B2B41641C00D51447 /* ToastView.swift */ = {isa = PBXFileReference; lastKnownFileType = sourcecode.swift; path = ToastView.swift; sourceTree = "<group>"; };
		AA9E801D2B4711B300D51447 /* ViewComponents.swift */ = {isa = PBXFileReference; lastKnownFileType = sourcecode.swift; path = ViewComponents.swift; sourceTree = "<group>"; };
		AA9E801F2B479E6600D51447 /* PlaceInformationView.swift */ = {isa = PBXFileReference; lastKnownFileType = sourcecode.swift; path = PlaceInformationView.swift; sourceTree = "<group>"; };
		AAA411B32B74E60100507E2F /* FavoritePlaceViewModel.swift */ = {isa = PBXFileReference; lastKnownFileType = sourcecode.swift; path = FavoritePlaceViewModel.swift; sourceTree = "<group>"; };
		AAA411B52B75CAE800507E2F /* MyPlaceInformationViewModel.swift */ = {isa = PBXFileReference; lastKnownFileType = sourcecode.swift; path = MyPlaceInformationViewModel.swift; sourceTree = "<group>"; };
		AAAAC9B52B56AA590026C8D9 /* KakaoAPI.swift */ = {isa = PBXFileReference; lastKnownFileType = sourcecode.swift; path = KakaoAPI.swift; sourceTree = "<group>"; };
		AAAAC9C02B56BC180026C8D9 /* KakaoSearchViewModel.swift */ = {isa = PBXFileReference; lastKnownFileType = sourcecode.swift; path = KakaoSearchViewModel.swift; sourceTree = "<group>"; };
		AAAAC9C22B56BF220026C8D9 /* Response.swift */ = {isa = PBXFileReference; lastKnownFileType = sourcecode.swift; path = Response.swift; sourceTree = "<group>"; };
		AAAAC9C72B597DB70026C8D9 /* PopupView.swift */ = {isa = PBXFileReference; lastKnownFileType = sourcecode.swift; path = PopupView.swift; sourceTree = "<group>"; };
		AAAAC9C92B59858D0026C8D9 /* PopupViewModel.swift */ = {isa = PBXFileReference; lastKnownFileType = sourcecode.swift; path = PopupViewModel.swift; sourceTree = "<group>"; };
		AAB755E12B62970C007B00A1 /* PopupModel.swift */ = {isa = PBXFileReference; lastKnownFileType = sourcecode.swift; path = PopupModel.swift; sourceTree = "<group>"; };
		AABAC28F2B6B3729001B1533 /* MyPlaceAPI.swift */ = {isa = PBXFileReference; lastKnownFileType = sourcecode.swift; path = MyPlaceAPI.swift; sourceTree = "<group>"; };
		AABAC2912B6B3E96001B1533 /* MyPlaceInformationEditViewModel.swift */ = {isa = PBXFileReference; lastKnownFileType = sourcecode.swift; path = MyPlaceInformationEditViewModel.swift; sourceTree = "<group>"; };
		AABAC2932B6C6AFD001B1533 /* MyPlaceManager.swift */ = {isa = PBXFileReference; lastKnownFileType = sourcecode.swift; path = MyPlaceManager.swift; sourceTree = "<group>"; };
		AABAC2952B6C6E10001B1533 /* KakaoSearchManager.swift */ = {isa = PBXFileReference; lastKnownFileType = sourcecode.swift; path = KakaoSearchManager.swift; sourceTree = "<group>"; };
		AAE7CD1C2B3E3A9300E02B71 /* ToolBarView.swift */ = {isa = PBXFileReference; lastKnownFileType = sourcecode.swift; path = ToolBarView.swift; sourceTree = "<group>"; };
		AAE7CD1E2B3F9C0C00E02B71 /* SearchView.swift */ = {isa = PBXFileReference; lastKnownFileType = sourcecode.swift; path = SearchView.swift; sourceTree = "<group>"; };
		AAE7CD202B3FB09F00E02B71 /* PlaceModel.swift */ = {isa = PBXFileReference; lastKnownFileType = sourcecode.swift; path = PlaceModel.swift; sourceTree = "<group>"; };
		AAE7CD222B3FCF6400E02B71 /* PlaceInformationEditView.swift */ = {isa = PBXFileReference; lastKnownFileType = sourcecode.swift; path = PlaceInformationEditView.swift; sourceTree = "<group>"; };
/* End PBXFileReference section */

/* Begin PBXFrameworksBuildPhase section */
		AA05EAEC2B3B87A0005596C5 /* Frameworks */ = {
			isa = PBXFrameworksBuildPhase;
			buildActionMask = 2147483647;
			files = (
				A55106852B5FCCBC004E8D1D /* GoogleSignInSwift in Frameworks */,
				A513E0FE2B5A3FF500D50986 /* KakaoSDKAuth in Frameworks */,
				AAAAC9BF2B56AA910026C8D9 /* RxMoya in Frameworks */,
				AAAAC9B92B56AA910026C8D9 /* CombineMoya in Frameworks */,
				A513E1002B5A3FF500D50986 /* KakaoSDKCert in Frameworks */,
				AAAAC9BD2B56AA910026C8D9 /* ReactiveMoya in Frameworks */,
				AA05EB042B3B9403005596C5 /* KakaoMapsSDK_SPM in Frameworks */,
				A513E1062B5A3FF500D50986 /* KakaoSDKFriend in Frameworks */,
				A513E10A2B5A3FF500D50986 /* KakaoSDKNavi in Frameworks */,
				AAAAC9BB2B56AA910026C8D9 /* Moya in Frameworks */,
				A513E1082B5A3FF500D50986 /* KakaoSDKFriendCore in Frameworks */,
				A513E0FC2B5A3FF500D50986 /* KakaoSDK in Frameworks */,
				A513E1042B5A3FF500D50986 /* KakaoSDKCommon in Frameworks */,
				A513E1022B5A3FF500D50986 /* KakaoSDKCertCore in Frameworks */,
				A55106832B5FCCBC004E8D1D /* GoogleSignIn in Frameworks */,
			);
			runOnlyForDeploymentPostprocessing = 0;
		};
/* End PBXFrameworksBuildPhase section */

/* Begin PBXGroup section */
		AA05EAE62B3B87A0005596C5 = {
			isa = PBXGroup;
			children = (
				AA05EAF12B3B87A0005596C5 /* MYPLACE-iOS */,
				AA05EAF02B3B87A0005596C5 /* Products */,
			);
			sourceTree = "<group>";
		};
		AA05EAF02B3B87A0005596C5 /* Products */ = {
			isa = PBXGroup;
			children = (
				AA05EAEF2B3B87A0005596C5 /* MYPLACE-iOS.app */,
			);
			name = Products;
			sourceTree = "<group>";
		};
		AA05EAF12B3B87A0005596C5 /* MYPLACE-iOS */ = {
			isa = PBXGroup;
			children = (
				AAAAC9B42B56A9F40026C8D9 /* API */,
				AABAC2952B6C6E10001B1533 /* KakaoSearchManager.swift */,
				AABAC2932B6C6AFD001B1533 /* MyPlaceManager.swift */,
				AA2B64502B3CFEA9008CEDBB /* Info.plist */,
				AA05EAF22B3B87A0005596C5 /* MYPLACE_iOSApp.swift */,
				AA05EAF42B3B87A0005596C5 /* ContentView.swift */,
				AA2B64552B3D0E7E008CEDBB /* KakaoMapView.swift */,
				AA05EB002B3B918E005596C5 /* HomeView.swift */,
				AAE7CD1C2B3E3A9300E02B71 /* ToolBarView.swift */,
				AA2B64482B3CC713008CEDBB /* ArchiveView.swift */,
				A5CFD2772B6CDB2200F7DA48 /* NewArchiveView.swift */,
				A5CE892B2B59AA0900ED8F62 /* ArchiveDetailView.swift */,
				AA2B644C2B3CCA03008CEDBB /* FavoritePlacesView.swift */,
				AA2B644E2B3CCA21008CEDBB /* CommunityView.swift */,
				AA2B64512B3D0289008CEDBB /* SettingView.swift */,
				A55106862B6C0E1A004E8D1D /* PrivacyView.swift */,
				A55106882B6C0E30004E8D1D /* ProfileEditView.swift */,
				AA9E801B2B41641C00D51447 /* ToastView.swift */,
				AAAAC9C72B597DB70026C8D9 /* PopupView.swift */,
				AA9E801D2B4711B300D51447 /* ViewComponents.swift */,
				AAE7CD242B3FCF6E00E02B71 /* SearchView */,
				AAE7CD252B3FCF9C00E02B71 /* Model */,
				AAAAC9C42B5920F60026C8D9 /* ViewModel */,
				AA2B64532B3D02A4008CEDBB /* NotificationView.swift */,
				A59EE2B42B470C57009915D5 /* LoginView.swift */,
				A5CE89292B5980CE00ED8F62 /* NewUserView.swift */,
				AA05EAF62B3B87A1005596C5 /* Assets.xcassets */,
				AA05EAF82B3B87A1005596C5 /* Preview Content */,
			);
			path = "MYPLACE-iOS";
			sourceTree = "<group>";
		};
		AA05EAF82B3B87A1005596C5 /* Preview Content */ = {
			isa = PBXGroup;
			children = (
				AA05EAF92B3B87A1005596C5 /* Preview Assets.xcassets */,
			);
			path = "Preview Content";
			sourceTree = "<group>";
		};
		AAAAC9B42B56A9F40026C8D9 /* API */ = {
			isa = PBXGroup;
			children = (
				AAAAC9B52B56AA590026C8D9 /* KakaoAPI.swift */,
				AABAC28F2B6B3729001B1533 /* MyPlaceAPI.swift */,
				AAAAC9C22B56BF220026C8D9 /* Response.swift */,
			);
			path = API;
			sourceTree = "<group>";
		};
		AAAAC9C42B5920F60026C8D9 /* ViewModel */ = {
			isa = PBXGroup;
			children = (
				AAAAC9C02B56BC180026C8D9 /* KakaoSearchViewModel.swift */,
				AAA411B32B74E60100507E2F /* FavoritePlaceViewModel.swift */,
				AABAC2912B6B3E96001B1533 /* MyPlaceInformationEditViewModel.swift */,
				AAA411B52B75CAE800507E2F /* MyPlaceInformationViewModel.swift */,
				AAAAC9C92B59858D0026C8D9 /* PopupViewModel.swift */,
				AA9E80192B415F7C00D51447 /* ToastViewModel.swift */,
			);
			path = ViewModel;
			sourceTree = "<group>";
		};
		AAE7CD242B3FCF6E00E02B71 /* SearchView */ = {
			isa = PBXGroup;
			children = (
				AAE7CD1E2B3F9C0C00E02B71 /* SearchView.swift */,
				AAE7CD222B3FCF6400E02B71 /* PlaceInformationEditView.swift */,
				AA9E801F2B479E6600D51447 /* PlaceInformationView.swift */,
			);
			path = SearchView;
			sourceTree = "<group>";
		};
		AAE7CD252B3FCF9C00E02B71 /* Model */ = {
			isa = PBXGroup;
			children = (
				AAE7CD202B3FB09F00E02B71 /* PlaceModel.swift */,
				AA2B644A2B3CC83C008CEDBB /* PathModel.swift */,
				A59EE2BA2B47F80A009915D5 /* LoginPathModel.swift */,
				A59EE2BC2B47F91B009915D5 /* LoginModel.swift */,
				A5F03F852B50FB5700242929 /* ArchiveModel.swift */,
				AAB755E12B62970C007B00A1 /* PopupModel.swift */,
			);
			path = Model;
			sourceTree = "<group>";
		};
/* End PBXGroup section */

/* Begin PBXNativeTarget section */
		AA05EAEE2B3B87A0005596C5 /* MYPLACE-iOS */ = {
			isa = PBXNativeTarget;
			buildConfigurationList = AA05EAFD2B3B87A1005596C5 /* Build configuration list for PBXNativeTarget "MYPLACE-iOS" */;
			buildPhases = (
				AA05EAEB2B3B87A0005596C5 /* Sources */,
				AA05EAEC2B3B87A0005596C5 /* Frameworks */,
				AA05EAED2B3B87A0005596C5 /* Resources */,
			);
			buildRules = (
			);
			dependencies = (
			);
			name = "MYPLACE-iOS";
			packageProductDependencies = (
				AA05EB032B3B9403005596C5 /* KakaoMapsSDK_SPM */,
				AAAAC9B82B56AA910026C8D9 /* CombineMoya */,
				AAAAC9BA2B56AA910026C8D9 /* Moya */,
				AAAAC9BC2B56AA910026C8D9 /* ReactiveMoya */,
				AAAAC9BE2B56AA910026C8D9 /* RxMoya */,
				A513E0FB2B5A3FF500D50986 /* KakaoSDK */,
				A513E0FD2B5A3FF500D50986 /* KakaoSDKAuth */,
				A513E0FF2B5A3FF500D50986 /* KakaoSDKCert */,
				A513E1012B5A3FF500D50986 /* KakaoSDKCertCore */,
				A513E1032B5A3FF500D50986 /* KakaoSDKCommon */,
				A513E1052B5A3FF500D50986 /* KakaoSDKFriend */,
				A513E1072B5A3FF500D50986 /* KakaoSDKFriendCore */,
				A513E1092B5A3FF500D50986 /* KakaoSDKNavi */,
				A55106822B5FCCBC004E8D1D /* GoogleSignIn */,
				A55106842B5FCCBC004E8D1D /* GoogleSignInSwift */,
			);
			productName = "MYPLACE-iOS";
			productReference = AA05EAEF2B3B87A0005596C5 /* MYPLACE-iOS.app */;
			productType = "com.apple.product-type.application";
		};
/* End PBXNativeTarget section */

/* Begin PBXProject section */
		AA05EAE72B3B87A0005596C5 /* Project object */ = {
			isa = PBXProject;
			attributes = {
				BuildIndependentTargetsInParallel = 1;
				LastSwiftUpdateCheck = 1500;
				LastUpgradeCheck = 1500;
				TargetAttributes = {
					AA05EAEE2B3B87A0005596C5 = {
						CreatedOnToolsVersion = 15.0.1;
					};
				};
			};
			buildConfigurationList = AA05EAEA2B3B87A0005596C5 /* Build configuration list for PBXProject "MYPLACE-iOS" */;
			compatibilityVersion = "Xcode 14.0";
			developmentRegion = en;
			hasScannedForEncodings = 0;
			knownRegions = (
				en,
				Base,
			);
			mainGroup = AA05EAE62B3B87A0005596C5;
			packageReferences = (
				AA05EB022B3B9403005596C5 /* XCRemoteSwiftPackageReference "KakaoMapsSDK-SPM" */,
				AAAAC9B72B56AA910026C8D9 /* XCRemoteSwiftPackageReference "Moya" */,
				A513E0FA2B5A3FF500D50986 /* XCRemoteSwiftPackageReference "kakao-ios-sdk" */,
				A55106812B5FCCBC004E8D1D /* XCRemoteSwiftPackageReference "GoogleSignIn-iOS" */,
			);
			productRefGroup = AA05EAF02B3B87A0005596C5 /* Products */;
			projectDirPath = "";
			projectRoot = "";
			targets = (
				AA05EAEE2B3B87A0005596C5 /* MYPLACE-iOS */,
			);
		};
/* End PBXProject section */

/* Begin PBXResourcesBuildPhase section */
		AA05EAED2B3B87A0005596C5 /* Resources */ = {
			isa = PBXResourcesBuildPhase;
			buildActionMask = 2147483647;
			files = (
				AA05EAFA2B3B87A1005596C5 /* Preview Assets.xcassets in Resources */,
				AA05EAF72B3B87A1005596C5 /* Assets.xcassets in Resources */,
			);
			runOnlyForDeploymentPostprocessing = 0;
		};
/* End PBXResourcesBuildPhase section */

/* Begin PBXSourcesBuildPhase section */
		AA05EAEB2B3B87A0005596C5 /* Sources */ = {
			isa = PBXSourcesBuildPhase;
			buildActionMask = 2147483647;
			files = (
				AA9E801C2B41641D00D51447 /* ToastView.swift in Sources */,
				AAAAC9CA2B59858D0026C8D9 /* PopupViewModel.swift in Sources */,
				AA2B644F2B3CCA21008CEDBB /* CommunityView.swift in Sources */,
				AAE7CD232B3FCF6400E02B71 /* PlaceInformationEditView.swift in Sources */,
				AAAAC9C82B597DB70026C8D9 /* PopupView.swift in Sources */,
				A55106872B6C0E1A004E8D1D /* PrivacyView.swift in Sources */,
				AAB755E22B62970C007B00A1 /* PopupModel.swift in Sources */,
				AA05EB012B3B918E005596C5 /* HomeView.swift in Sources */,
				A59EE2B52B470C57009915D5 /* LoginView.swift in Sources */,
				AA2B64492B3CC713008CEDBB /* ArchiveView.swift in Sources */,
				A5CE892A2B5980CE00ED8F62 /* NewUserView.swift in Sources */,
				AAE7CD212B3FB09F00E02B71 /* PlaceModel.swift in Sources */,
				A5CE892C2B59AA0900ED8F62 /* ArchiveDetailView.swift in Sources */,
				AA2B644D2B3CCA03008CEDBB /* FavoritePlacesView.swift in Sources */,
				AAA411B62B75CAE800507E2F /* MyPlaceInformationViewModel.swift in Sources */,
				AABAC2962B6C6E10001B1533 /* KakaoSearchManager.swift in Sources */,
				AAE7CD1F2B3F9C0C00E02B71 /* SearchView.swift in Sources */,
				AA9E801A2B415F7C00D51447 /* ToastViewModel.swift in Sources */,
				AA05EAF52B3B87A0005596C5 /* ContentView.swift in Sources */,
				AABAC2902B6B3729001B1533 /* MyPlaceAPI.swift in Sources */,
				AAAAC9C32B56BF220026C8D9 /* Response.swift in Sources */,
				AAA411B42B74E60100507E2F /* FavoritePlaceViewModel.swift in Sources */,
				A59EE2BD2B47F91B009915D5 /* LoginModel.swift in Sources */,
				AA2B64522B3D0289008CEDBB /* SettingView.swift in Sources */,
				A59EE2BB2B47F80A009915D5 /* LoginPathModel.swift in Sources */,
				A5CFD2782B6CDB2200F7DA48 /* NewArchiveView.swift in Sources */,
				A5F03F862B50FB5700242929 /* ArchiveModel.swift in Sources */,
				AAAAC9C12B56BC180026C8D9 /* KakaoSearchViewModel.swift in Sources */,
				AA9E80202B479E6600D51447 /* PlaceInformationView.swift in Sources */,
				AABAC2942B6C6AFD001B1533 /* MyPlaceManager.swift in Sources */,
				AABAC2922B6B3E96001B1533 /* MyPlaceInformationEditViewModel.swift in Sources */,
				AA2B644B2B3CC83C008CEDBB /* PathModel.swift in Sources */,
				AAAAC9B62B56AA590026C8D9 /* KakaoAPI.swift in Sources */,
				AA2B64562B3D0E7E008CEDBB /* KakaoMapView.swift in Sources */,
				A55106892B6C0E30004E8D1D /* ProfileEditView.swift in Sources */,
				AA05EAF32B3B87A0005596C5 /* MYPLACE_iOSApp.swift in Sources */,
				AA9E801E2B4711B300D51447 /* ViewComponents.swift in Sources */,
				AAE7CD1D2B3E3A9300E02B71 /* ToolBarView.swift in Sources */,
				AA2B64542B3D02A4008CEDBB /* NotificationView.swift in Sources */,
			);
			runOnlyForDeploymentPostprocessing = 0;
		};
/* End PBXSourcesBuildPhase section */

/* Begin XCBuildConfiguration section */
		AA05EAFB2B3B87A1005596C5 /* Debug */ = {
			isa = XCBuildConfiguration;
			buildSettings = {
				ALWAYS_SEARCH_USER_PATHS = NO;
				ASSETCATALOG_COMPILER_GENERATE_SWIFT_ASSET_SYMBOL_EXTENSIONS = YES;
				CLANG_ANALYZER_NONNULL = YES;
				CLANG_ANALYZER_NUMBER_OBJECT_CONVERSION = YES_AGGRESSIVE;
				CLANG_CXX_LANGUAGE_STANDARD = "gnu++20";
				CLANG_ENABLE_MODULES = YES;
				CLANG_ENABLE_OBJC_ARC = YES;
				CLANG_ENABLE_OBJC_WEAK = YES;
				CLANG_WARN_BLOCK_CAPTURE_AUTORELEASING = YES;
				CLANG_WARN_BOOL_CONVERSION = YES;
				CLANG_WARN_COMMA = YES;
				CLANG_WARN_CONSTANT_CONVERSION = YES;
				CLANG_WARN_DEPRECATED_OBJC_IMPLEMENTATIONS = YES;
				CLANG_WARN_DIRECT_OBJC_ISA_USAGE = YES_ERROR;
				CLANG_WARN_DOCUMENTATION_COMMENTS = YES;
				CLANG_WARN_EMPTY_BODY = YES;
				CLANG_WARN_ENUM_CONVERSION = YES;
				CLANG_WARN_INFINITE_RECURSION = YES;
				CLANG_WARN_INT_CONVERSION = YES;
				CLANG_WARN_NON_LITERAL_NULL_CONVERSION = YES;
				CLANG_WARN_OBJC_IMPLICIT_RETAIN_SELF = YES;
				CLANG_WARN_OBJC_LITERAL_CONVERSION = YES;
				CLANG_WARN_OBJC_ROOT_CLASS = YES_ERROR;
				CLANG_WARN_QUOTED_INCLUDE_IN_FRAMEWORK_HEADER = YES;
				CLANG_WARN_RANGE_LOOP_ANALYSIS = YES;
				CLANG_WARN_STRICT_PROTOTYPES = YES;
				CLANG_WARN_SUSPICIOUS_MOVE = YES;
				CLANG_WARN_UNGUARDED_AVAILABILITY = YES_AGGRESSIVE;
				CLANG_WARN_UNREACHABLE_CODE = YES;
				CLANG_WARN__DUPLICATE_METHOD_MATCH = YES;
				COPY_PHASE_STRIP = NO;
				DEBUG_INFORMATION_FORMAT = dwarf;
				ENABLE_STRICT_OBJC_MSGSEND = YES;
				ENABLE_TESTABILITY = YES;
				ENABLE_USER_SCRIPT_SANDBOXING = YES;
				GCC_C_LANGUAGE_STANDARD = gnu17;
				GCC_DYNAMIC_NO_PIC = NO;
				GCC_NO_COMMON_BLOCKS = YES;
				GCC_OPTIMIZATION_LEVEL = 0;
				GCC_PREPROCESSOR_DEFINITIONS = (
					"DEBUG=1",
					"$(inherited)",
				);
				GCC_WARN_64_TO_32_BIT_CONVERSION = YES;
				GCC_WARN_ABOUT_RETURN_TYPE = YES_ERROR;
				GCC_WARN_UNDECLARED_SELECTOR = YES;
				GCC_WARN_UNINITIALIZED_AUTOS = YES_AGGRESSIVE;
				GCC_WARN_UNUSED_FUNCTION = YES;
				GCC_WARN_UNUSED_VARIABLE = YES;
				IPHONEOS_DEPLOYMENT_TARGET = 17.0;
				LOCALIZATION_PREFERS_STRING_CATALOGS = YES;
				MTL_ENABLE_DEBUG_INFO = INCLUDE_SOURCE;
				MTL_FAST_MATH = YES;
				ONLY_ACTIVE_ARCH = YES;
				SDKROOT = iphoneos;
				SWIFT_ACTIVE_COMPILATION_CONDITIONS = "DEBUG $(inherited)";
				SWIFT_OPTIMIZATION_LEVEL = "-Onone";
			};
			name = Debug;
		};
		AA05EAFC2B3B87A1005596C5 /* Release */ = {
			isa = XCBuildConfiguration;
			buildSettings = {
				ALWAYS_SEARCH_USER_PATHS = NO;
				ASSETCATALOG_COMPILER_GENERATE_SWIFT_ASSET_SYMBOL_EXTENSIONS = YES;
				CLANG_ANALYZER_NONNULL = YES;
				CLANG_ANALYZER_NUMBER_OBJECT_CONVERSION = YES_AGGRESSIVE;
				CLANG_CXX_LANGUAGE_STANDARD = "gnu++20";
				CLANG_ENABLE_MODULES = YES;
				CLANG_ENABLE_OBJC_ARC = YES;
				CLANG_ENABLE_OBJC_WEAK = YES;
				CLANG_WARN_BLOCK_CAPTURE_AUTORELEASING = YES;
				CLANG_WARN_BOOL_CONVERSION = YES;
				CLANG_WARN_COMMA = YES;
				CLANG_WARN_CONSTANT_CONVERSION = YES;
				CLANG_WARN_DEPRECATED_OBJC_IMPLEMENTATIONS = YES;
				CLANG_WARN_DIRECT_OBJC_ISA_USAGE = YES_ERROR;
				CLANG_WARN_DOCUMENTATION_COMMENTS = YES;
				CLANG_WARN_EMPTY_BODY = YES;
				CLANG_WARN_ENUM_CONVERSION = YES;
				CLANG_WARN_INFINITE_RECURSION = YES;
				CLANG_WARN_INT_CONVERSION = YES;
				CLANG_WARN_NON_LITERAL_NULL_CONVERSION = YES;
				CLANG_WARN_OBJC_IMPLICIT_RETAIN_SELF = YES;
				CLANG_WARN_OBJC_LITERAL_CONVERSION = YES;
				CLANG_WARN_OBJC_ROOT_CLASS = YES_ERROR;
				CLANG_WARN_QUOTED_INCLUDE_IN_FRAMEWORK_HEADER = YES;
				CLANG_WARN_RANGE_LOOP_ANALYSIS = YES;
				CLANG_WARN_STRICT_PROTOTYPES = YES;
				CLANG_WARN_SUSPICIOUS_MOVE = YES;
				CLANG_WARN_UNGUARDED_AVAILABILITY = YES_AGGRESSIVE;
				CLANG_WARN_UNREACHABLE_CODE = YES;
				CLANG_WARN__DUPLICATE_METHOD_MATCH = YES;
				COPY_PHASE_STRIP = NO;
				DEBUG_INFORMATION_FORMAT = "dwarf-with-dsym";
				ENABLE_NS_ASSERTIONS = NO;
				ENABLE_STRICT_OBJC_MSGSEND = YES;
				ENABLE_USER_SCRIPT_SANDBOXING = YES;
				GCC_C_LANGUAGE_STANDARD = gnu17;
				GCC_NO_COMMON_BLOCKS = YES;
				GCC_WARN_64_TO_32_BIT_CONVERSION = YES;
				GCC_WARN_ABOUT_RETURN_TYPE = YES_ERROR;
				GCC_WARN_UNDECLARED_SELECTOR = YES;
				GCC_WARN_UNINITIALIZED_AUTOS = YES_AGGRESSIVE;
				GCC_WARN_UNUSED_FUNCTION = YES;
				GCC_WARN_UNUSED_VARIABLE = YES;
				IPHONEOS_DEPLOYMENT_TARGET = 17.0;
				LOCALIZATION_PREFERS_STRING_CATALOGS = YES;
				MTL_ENABLE_DEBUG_INFO = NO;
				MTL_FAST_MATH = YES;
				SDKROOT = iphoneos;
				SWIFT_COMPILATION_MODE = wholemodule;
				VALIDATE_PRODUCT = YES;
			};
			name = Release;
		};
		AA05EAFE2B3B87A1005596C5 /* Debug */ = {
			isa = XCBuildConfiguration;
			buildSettings = {
				ASSETCATALOG_COMPILER_APPICON_NAME = AppIcon;
				ASSETCATALOG_COMPILER_GLOBAL_ACCENT_COLOR_NAME = AccentColor;
				CODE_SIGN_STYLE = Automatic;
				CURRENT_PROJECT_VERSION = 1;
				DEVELOPMENT_ASSET_PATHS = "\"MYPLACE-iOS/Preview Content\"";
				DEVELOPMENT_TEAM = 7BKK7NQ2K7;
				ENABLE_PREVIEWS = YES;
				GENERATE_INFOPLIST_FILE = YES;
				INFOPLIST_FILE = "MYPLACE-iOS/Info.plist";
				INFOPLIST_KEY_UIApplicationSceneManifest_Generation = YES;
				INFOPLIST_KEY_UIApplicationSupportsIndirectInputEvents = YES;
				INFOPLIST_KEY_UILaunchScreen_Generation = YES;
				INFOPLIST_KEY_UISupportedInterfaceOrientations_iPad = "UIInterfaceOrientationPortrait UIInterfaceOrientationPortraitUpsideDown UIInterfaceOrientationLandscapeLeft UIInterfaceOrientationLandscapeRight";
				INFOPLIST_KEY_UISupportedInterfaceOrientations_iPhone = "UIInterfaceOrientationPortrait UIInterfaceOrientationLandscapeLeft UIInterfaceOrientationLandscapeRight";
				IPHONEOS_DEPLOYMENT_TARGET = 17.0;
				LD_RUNPATH_SEARCH_PATHS = (
					"$(inherited)",
					"@executable_path/Frameworks",
				);
				MARKETING_VERSION = 1.0;
				PRODUCT_BUNDLE_IDENTIFIER = "com.MYPLACE-iOS";
				PRODUCT_NAME = "$(TARGET_NAME)";
				SWIFT_EMIT_LOC_STRINGS = YES;
				SWIFT_VERSION = 5.0;
				TARGETED_DEVICE_FAMILY = "1,2";
			};
			name = Debug;
		};
		AA05EAFF2B3B87A1005596C5 /* Release */ = {
			isa = XCBuildConfiguration;
			buildSettings = {
				ASSETCATALOG_COMPILER_APPICON_NAME = AppIcon;
				ASSETCATALOG_COMPILER_GLOBAL_ACCENT_COLOR_NAME = AccentColor;
				CODE_SIGN_STYLE = Automatic;
				CURRENT_PROJECT_VERSION = 1;
				DEVELOPMENT_ASSET_PATHS = "\"MYPLACE-iOS/Preview Content\"";
				DEVELOPMENT_TEAM = 7BKK7NQ2K7;
				ENABLE_PREVIEWS = YES;
				GENERATE_INFOPLIST_FILE = YES;
				INFOPLIST_FILE = "MYPLACE-iOS/Info.plist";
				INFOPLIST_KEY_UIApplicationSceneManifest_Generation = YES;
				INFOPLIST_KEY_UIApplicationSupportsIndirectInputEvents = YES;
				INFOPLIST_KEY_UILaunchScreen_Generation = YES;
				INFOPLIST_KEY_UISupportedInterfaceOrientations_iPad = "UIInterfaceOrientationPortrait UIInterfaceOrientationPortraitUpsideDown UIInterfaceOrientationLandscapeLeft UIInterfaceOrientationLandscapeRight";
				INFOPLIST_KEY_UISupportedInterfaceOrientations_iPhone = "UIInterfaceOrientationPortrait UIInterfaceOrientationLandscapeLeft UIInterfaceOrientationLandscapeRight";
				IPHONEOS_DEPLOYMENT_TARGET = 17.0;
				LD_RUNPATH_SEARCH_PATHS = (
					"$(inherited)",
					"@executable_path/Frameworks",
				);
				MARKETING_VERSION = 1.0;
				PRODUCT_BUNDLE_IDENTIFIER = "com.MYPLACE-iOS";
				PRODUCT_NAME = "$(TARGET_NAME)";
				SWIFT_EMIT_LOC_STRINGS = YES;
				SWIFT_VERSION = 5.0;
				TARGETED_DEVICE_FAMILY = "1,2";
			};
			name = Release;
		};
/* End XCBuildConfiguration section */

/* Begin XCConfigurationList section */
		AA05EAEA2B3B87A0005596C5 /* Build configuration list for PBXProject "MYPLACE-iOS" */ = {
			isa = XCConfigurationList;
			buildConfigurations = (
				AA05EAFB2B3B87A1005596C5 /* Debug */,
				AA05EAFC2B3B87A1005596C5 /* Release */,
			);
			defaultConfigurationIsVisible = 0;
			defaultConfigurationName = Release;
		};
		AA05EAFD2B3B87A1005596C5 /* Build configuration list for PBXNativeTarget "MYPLACE-iOS" */ = {
			isa = XCConfigurationList;
			buildConfigurations = (
				AA05EAFE2B3B87A1005596C5 /* Debug */,
				AA05EAFF2B3B87A1005596C5 /* Release */,
			);
			defaultConfigurationIsVisible = 0;
			defaultConfigurationName = Release;
		};
/* End XCConfigurationList section */

/* Begin XCRemoteSwiftPackageReference section */
		A513E0FA2B5A3FF500D50986 /* XCRemoteSwiftPackageReference "kakao-ios-sdk" */ = {
			isa = XCRemoteSwiftPackageReference;
			repositoryURL = "https://github.com/kakao/kakao-ios-sdk";
			requirement = {
				kind = upToNextMajorVersion;
				minimumVersion = 2.20.0;
			};
		};
		A55106812B5FCCBC004E8D1D /* XCRemoteSwiftPackageReference "GoogleSignIn-iOS" */ = {
			isa = XCRemoteSwiftPackageReference;
			repositoryURL = "https://github.com/google/GoogleSignIn-iOS";
			requirement = {
				kind = upToNextMajorVersion;
				minimumVersion = 7.0.0;
			};
		};
		AA05EB022B3B9403005596C5 /* XCRemoteSwiftPackageReference "KakaoMapsSDK-SPM" */ = {
			isa = XCRemoteSwiftPackageReference;
			repositoryURL = "https://github.com/kakao-mapsSDK/KakaoMapsSDK-SPM.git";
			requirement = {
				kind = upToNextMajorVersion;
				minimumVersion = 2.6.3;
			};
		};
		AAAAC9B72B56AA910026C8D9 /* XCRemoteSwiftPackageReference "Moya" */ = {
			isa = XCRemoteSwiftPackageReference;
			repositoryURL = "https://github.com/Moya/Moya";
			requirement = {
				kind = upToNextMajorVersion;
				minimumVersion = 15.0.3;
			};
		};
/* End XCRemoteSwiftPackageReference section */

/* Begin XCSwiftPackageProductDependency section */
		A513E0FB2B5A3FF500D50986 /* KakaoSDK */ = {
			isa = XCSwiftPackageProductDependency;
			package = A513E0FA2B5A3FF500D50986 /* XCRemoteSwiftPackageReference "kakao-ios-sdk" */;
			productName = KakaoSDK;
		};
		A513E0FD2B5A3FF500D50986 /* KakaoSDKAuth */ = {
			isa = XCSwiftPackageProductDependency;
			package = A513E0FA2B5A3FF500D50986 /* XCRemoteSwiftPackageReference "kakao-ios-sdk" */;
			productName = KakaoSDKAuth;
		};
		A513E0FF2B5A3FF500D50986 /* KakaoSDKCert */ = {
			isa = XCSwiftPackageProductDependency;
			package = A513E0FA2B5A3FF500D50986 /* XCRemoteSwiftPackageReference "kakao-ios-sdk" */;
			productName = KakaoSDKCert;
		};
		A513E1012B5A3FF500D50986 /* KakaoSDKCertCore */ = {
			isa = XCSwiftPackageProductDependency;
			package = A513E0FA2B5A3FF500D50986 /* XCRemoteSwiftPackageReference "kakao-ios-sdk" */;
			productName = KakaoSDKCertCore;
		};
		A513E1032B5A3FF500D50986 /* KakaoSDKCommon */ = {
			isa = XCSwiftPackageProductDependency;
			package = A513E0FA2B5A3FF500D50986 /* XCRemoteSwiftPackageReference "kakao-ios-sdk" */;
			productName = KakaoSDKCommon;
		};
		A513E1052B5A3FF500D50986 /* KakaoSDKFriend */ = {
			isa = XCSwiftPackageProductDependency;
			package = A513E0FA2B5A3FF500D50986 /* XCRemoteSwiftPackageReference "kakao-ios-sdk" */;
			productName = KakaoSDKFriend;
		};
		A513E1072B5A3FF500D50986 /* KakaoSDKFriendCore */ = {
			isa = XCSwiftPackageProductDependency;
			package = A513E0FA2B5A3FF500D50986 /* XCRemoteSwiftPackageReference "kakao-ios-sdk" */;
			productName = KakaoSDKFriendCore;
		};
		A513E1092B5A3FF500D50986 /* KakaoSDKNavi */ = {
			isa = XCSwiftPackageProductDependency;
			package = A513E0FA2B5A3FF500D50986 /* XCRemoteSwiftPackageReference "kakao-ios-sdk" */;
			productName = KakaoSDKNavi;
		};
		A55106822B5FCCBC004E8D1D /* GoogleSignIn */ = {
			isa = XCSwiftPackageProductDependency;
			package = A55106812B5FCCBC004E8D1D /* XCRemoteSwiftPackageReference "GoogleSignIn-iOS" */;
			productName = GoogleSignIn;
		};
		A55106842B5FCCBC004E8D1D /* GoogleSignInSwift */ = {
			isa = XCSwiftPackageProductDependency;
			package = A55106812B5FCCBC004E8D1D /* XCRemoteSwiftPackageReference "GoogleSignIn-iOS" */;
			productName = GoogleSignInSwift;
		};
		AA05EB032B3B9403005596C5 /* KakaoMapsSDK_SPM */ = {
			isa = XCSwiftPackageProductDependency;
			package = AA05EB022B3B9403005596C5 /* XCRemoteSwiftPackageReference "KakaoMapsSDK-SPM" */;
			productName = KakaoMapsSDK_SPM;
		};
		AAAAC9B82B56AA910026C8D9 /* CombineMoya */ = {
			isa = XCSwiftPackageProductDependency;
			package = AAAAC9B72B56AA910026C8D9 /* XCRemoteSwiftPackageReference "Moya" */;
			productName = CombineMoya;
		};
		AAAAC9BA2B56AA910026C8D9 /* Moya */ = {
			isa = XCSwiftPackageProductDependency;
			package = AAAAC9B72B56AA910026C8D9 /* XCRemoteSwiftPackageReference "Moya" */;
			productName = Moya;
		};
		AAAAC9BC2B56AA910026C8D9 /* ReactiveMoya */ = {
			isa = XCSwiftPackageProductDependency;
			package = AAAAC9B72B56AA910026C8D9 /* XCRemoteSwiftPackageReference "Moya" */;
			productName = ReactiveMoya;
		};
		AAAAC9BE2B56AA910026C8D9 /* RxMoya */ = {
			isa = XCSwiftPackageProductDependency;
			package = AAAAC9B72B56AA910026C8D9 /* XCRemoteSwiftPackageReference "Moya" */;
			productName = RxMoya;
		};
/* End XCSwiftPackageProductDependency section */
	};
	rootObject = AA05EAE72B3B87A0005596C5 /* Project object */;
}
